
Microsoft Visual Studio Solution File, Format Version 12.00
# Visual Studio Version 17
VisualStudioVersion = 17.2.32526.322
MinimumVisualStudioVersion = 10.0.40219.1
Project("{FAE04EC0-301F-11D3-BF4B-00C04F79EFBC}") = "exercicio04", "exercicio04\exercicio04.csproj", "{74C336E1-2181-469E-BC74-38B88719CD1C}"
EndProject
Project("{FAE04EC0-301F-11D3-BF4B-00C04F79EFBC}") = "exercicio03", "exercicio03\exercicio03.csproj", "{E8AA46C0-ABD3-4651-BC11-5B4FAF029298}"
EndProject
Project("{FAE04EC0-301F-11D3-BF4B-00C04F79EFBC}") = "exercicio05", "exercicio05\exercicio05.csproj", "{F9268F72-2E5E-457F-ABD2-C66626E6CD1E}"
EndProject
Project("{FAE04EC0-301F-11D3-BF4B-00C04F79EFBC}") = "exercicio02", "exercicio02\exercicio02.csproj", "{3F56201B-CA34-4064-97D5-68E0C17DBE82}"
EndProject
Project("{FAE04EC0-301F-11D3-BF4B-00C04F79EFBC}") = "exercicio01", "exercicio01\exercicio01.csproj", "{2326CEFB-EA57-42DA-9CE8-DC5F19D890E7}"
EndProject
Global
	GlobalSection(SolutionConfigurationPlatforms) = preSolution
		Debug|Any CPU = Debug|Any CPU
		Release|Any CPU = Release|Any CPU
	EndGlobalSection
	GlobalSection(ProjectConfigurationPlatforms) = postSolution
		{74C336E1-2181-469E-BC74-38B88719CD1C}.Debug|Any CPU.ActiveCfg = Debug|Any CPU
		{74C336E1-2181-469E-BC74-38B88719CD1C}.Debug|Any CPU.Build.0 = Debug|Any CPU
		{74C336E1-2181-469E-BC74-38B88719CD1C}.Release|Any CPU.ActiveCfg = Release|Any CPU
		{74C336E1-2181-469E-BC74-38B88719CD1C}.Release|Any CPU.Build.0 = Release|Any CPU
		{E8AA46C0-ABD3-4651-BC11-5B4FAF029298}.Debug|Any CPU.ActiveCfg = Debug|Any CPU
		{E8AA46C0-ABD3-4651-BC11-5B4FAF029298}.Debug|Any CPU.Build.0 = Debug|Any CPU
		{E8AA46C0-ABD3-4651-BC11-5B4FAF029298}.Release|Any CPU.ActiveCfg = Release|Any CPU
		{E8AA46C0-ABD3-4651-BC11-5B4FAF029298}.Release|Any CPU.Build.0 = Release|Any CPU
		{F9268F72-2E5E-457F-ABD2-C66626E6CD1E}.Debug|Any CPU.ActiveCfg = Debug|Any CPU
		{F9268F72-2E5E-457F-ABD2-C66626E6CD1E}.Debug|Any CPU.Build.0 = Debug|Any CPU
		{F9268F72-2E5E-457F-ABD2-C66626E6CD1E}.Release|Any CPU.ActiveCfg = Release|Any CPU
		{F9268F72-2E5E-457F-ABD2-C66626E6CD1E}.Release|Any CPU.Build.0 = Release|Any CPU
		{3F56201B-CA34-4064-97D5-68E0C17DBE82}.Debug|Any CPU.ActiveCfg = Debug|Any CPU
		{3F56201B-CA34-4064-97D5-68E0C17DBE82}.Debug|Any CPU.Build.0 = Debug|Any CPU
		{3F56201B-CA34-4064-97D5-68E0C17DBE82}.Release|Any CPU.ActiveCfg = Release|Any CPU
		{3F56201B-CA34-4064-97D5-68E0C17DBE82}.Release|Any CPU.Build.0 = Release|Any CPU
		{2326CEFB-EA57-42DA-9CE8-DC5F19D890E7}.Debug|Any CPU.ActiveCfg = Debug|Any CPU
		{2326CEFB-EA57-42DA-9CE8-DC5F19D890E7}.Debug|Any CPU.Build.0 = Debug|Any CPU
		{2326CEFB-EA57-42DA-9CE8-DC5F19D890E7}.Release|Any CPU.ActiveCfg = Release|Any CPU
		{2326CEFB-EA57-42DA-9CE8-DC5F19D890E7}.Release|Any CPU.Build.0 = Release|Any CPU
	EndGlobalSection
	GlobalSection(SolutionProperties) = preSolution
		HideSolutionNode = FALSE
	EndGlobalSection
	GlobalSection(ExtensibilityGlobals) = postSolution
		SolutionGuid = {AEE49691-3B0F-42D4-B608-E641677F89B5}
	EndGlobalSection
EndGlobal
