
Microsoft Visual Studio Solution File, Format Version 12.00
# Visual Studio Version 17
VisualStudioVersion = 17.2.32526.322
MinimumVisualStudioVersion = 10.0.40219.1
Project("{FAE04EC0-301F-11D3-BF4B-00C04F79EFBC}") = "exercicio04", "exercicio04\exercicio04.csproj", "{831A1075-AC9D-4009-98E8-A33A7583BD65}"
EndProject
Global
	GlobalSection(SolutionConfigurationPlatforms) = preSolution
		Debug|Any CPU = Debug|Any CPU
		Release|Any CPU = Release|Any CPU
	EndGlobalSection
	GlobalSection(ProjectConfigurationPlatforms) = postSolution
		{831A1075-AC9D-4009-98E8-A33A7583BD65}.Debug|Any CPU.ActiveCfg = Debug|Any CPU
		{831A1075-AC9D-4009-98E8-A33A7583BD65}.Debug|Any CPU.Build.0 = Debug|Any CPU
		{831A1075-AC9D-4009-98E8-A33A7583BD65}.Release|Any CPU.ActiveCfg = Release|Any CPU
		{831A1075-AC9D-4009-98E8-A33A7583BD65}.Release|Any CPU.Build.0 = Release|Any CPU
	EndGlobalSection
	GlobalSection(SolutionProperties) = preSolution
		HideSolutionNode = FALSE
	EndGlobalSection
	GlobalSection(ExtensibilityGlobals) = postSolution
		SolutionGuid = {54D12F47-91DC-4CC7-BEFD-2EB334A19CCE}
	EndGlobalSection
EndGlobal
